<?xml version="1.0" encoding="utf-8"?>
<Project ToolsVersion="4.0" xmlns="http://schemas.microsoft.com/developer/msbuild/2003">
  <ItemGroup>
    <ClInclude Include="Common.h">
      <Filter>0.Global</Filter>
    </ClInclude>
    <ClInclude Include="CommonConstant.h">
      <Filter>0.Global</Filter>
    </ClInclude>
    <ClInclude Include="CommonStruct.h">
      <Filter>0.Global</Filter>
    </ClInclude>
    <ClInclude Include="Namespace.h">
      <Filter>0.Global</Filter>
    </ClInclude>
    <ClInclude Include="pch.h">
      <Filter>0.Global</Filter>
    </ClInclude>
    <ClInclude Include="Core.h">
      <Filter>99.Export</Filter>
    </ClInclude>
    <ClInclude Include="Type.h">
      <Filter>0.Global</Filter>
    </ClInclude>
    <ClInclude Include="ModuleRequireFunction.h">
      <Filter>1.System\2.Module</Filter>
    </ClInclude>
    <ClInclude Include="Module.h">
      <Filter>1.System\2.Module</Filter>
    </ClInclude>
    <ClInclude Include="HashTable.h">
      <Filter>1.System\0.DataStruct</Filter>
    </ClInclude>
    <ClInclude Include="List.h">
      <Filter>1.System\0.DataStruct</Filter>
    </ClInclude>
  </ItemGroup>
  <ItemGroup>
    <Filter Include="0.Global">
      <UniqueIdentifier>{26f074b1-d9e3-4910-9cde-590e4c121b61}</UniqueIdentifier>
    </Filter>
    <Filter Include="99.Export">
      <UniqueIdentifier>{bed31e53-f916-4949-b51c-358bbd8f4522}</UniqueIdentifier>
    </Filter>
    <Filter Include="1.System">
      <UniqueIdentifier>{298d7fc0-aa95-4865-9cc9-20c439121d68}</UniqueIdentifier>
    </Filter>
    <Filter Include="1.System\1.Reflection">
      <UniqueIdentifier>{5fbd08e3-6f07-4560-ad62-8a4722dc1a05}</UniqueIdentifier>
    </Filter>
    <Filter Include="1.System\2.Module">
      <UniqueIdentifier>{0bc48009-cb29-4738-93ce-65c4d89b7de1}</UniqueIdentifier>
    </Filter>
    <Filter Include="1.System\0.DataStruct">
      <UniqueIdentifier>{78702859-ad94-4300-ba1e-c65a23214414}</UniqueIdentifier>
    </Filter>
  </ItemGroup>
  <ItemGroup>
    <ClCompile Include="pch.cpp">
      <Filter>0.Global</Filter>
    </ClCompile>
    <ClCompile Include="Module.cpp">
      <Filter>1.System\2.Module</Filter>
    </ClCompile>
    <ClCompile Include="HashTable.cpp">
      <Filter>1.System\0.DataStruct</Filter>
    </ClCompile>
    <ClCompile Include="List.cpp">
      <Filter>1.System\0.DataStruct</Filter>
    </ClCompile>
  </ItemGroup>
</Project>